// !$*UTF8*$!
{
	archiveVersion = 1;
	classes = {
	};
	objectVersion = 52;
	objects = {

/* Begin PBXBuildFile section */
		C8AE11A926553FC4001F9460 /* AppDelegate.swift in Sources */ = {isa = PBXBuildFile; fileRef = C8AE11A826553FC4001F9460 /* AppDelegate.swift */; };
		C8AE11AB26553FC4001F9460 /* SceneDelegate.swift in Sources */ = {isa = PBXBuildFile; fileRef = C8AE11AA26553FC4001F9460 /* SceneDelegate.swift */; };
		C8AE11AF26553FC5001F9460 /* Assets.xcassets in Resources */ = {isa = PBXBuildFile; fileRef = C8AE11AE26553FC5001F9460 /* Assets.xcassets */; };
		C8AE11B226553FC5001F9460 /* Preview Assets.xcassets in Resources */ = {isa = PBXBuildFile; fileRef = C8AE11B126553FC5001F9460 /* Preview Assets.xcassets */; };
		C8AE11B526553FC5001F9460 /* LaunchScreen.storyboard in Resources */ = {isa = PBXBuildFile; fileRef = C8AE11B326553FC5001F9460 /* LaunchScreen.storyboard */; };
		C8AE11C026553FC5001F9460 /* Marvel1_0Tests.swift in Sources */ = {isa = PBXBuildFile; fileRef = C8AE11BF26553FC5001F9460 /* Marvel1_0Tests.swift */; };
		C8AE11CB26553FC5001F9460 /* Marvel1_0UITests.swift in Sources */ = {isa = PBXBuildFile; fileRef = C8AE11CA26553FC5001F9460 /* Marvel1_0UITests.swift */; };
		C8AE11E726554122001F9460 /* Credentials.swift in Sources */ = {isa = PBXBuildFile; fileRef = C8AE11E626554122001F9460 /* Credentials.swift */; };
		C8AE11EC26554196001F9460 /* HomeViewModel.swift in Sources */ = {isa = PBXBuildFile; fileRef = C8AE11EB26554196001F9460 /* HomeViewModel.swift */; };
		C8AE11F9265542F8001F9460 /* Home.swift in Sources */ = {isa = PBXBuildFile; fileRef = C8AE11F8265542F8001F9460 /* Home.swift */; };
		C8AE12012655440A001F9460 /* CharactersView.swift in Sources */ = {isa = PBXBuildFile; fileRef = C8AE12002655440A001F9460 /* CharactersView.swift */; };
		C8AE1206265544D6001F9460 /* ContentView.swift in Sources */ = {isa = PBXBuildFile; fileRef = C8AE1205265544D6001F9460 /* ContentView.swift */; };
		C8AE121626554BFB001F9460 /* Character.swift in Sources */ = {isa = PBXBuildFile; fileRef = C8AE121526554BFB001F9460 /* Character.swift */; };
		C8AE121C26554F00001F9460 /* SDWebImage in Frameworks */ = {isa = PBXBuildFile; productRef = C8AE121B26554F00001F9460 /* SDWebImage */; };
		C8AE121E26554F00001F9460 /* SDWebImageMapKit in Frameworks */ = {isa = PBXBuildFile; productRef = C8AE121D26554F00001F9460 /* SDWebImageMapKit */; };
		C8AE122A26556062001F9460 /* SDWebImageSwiftUI in Frameworks */ = {isa = PBXBuildFile; productRef = C8AE122926556062001F9460 /* SDWebImageSwiftUI */; };
		C8AE122F26556782001F9460 /* WebView.swift in Sources */ = {isa = PBXBuildFile; fileRef = C8AE122E26556782001F9460 /* WebView.swift */; };
		C8AE123426558447001F9460 /* ComicsView.swift in Sources */ = {isa = PBXBuildFile; fileRef = C8AE123326558447001F9460 /* ComicsView.swift */; };
		C8AE12412655849E001F9460 /* Comic.swift in Sources */ = {isa = PBXBuildFile; fileRef = C8AE12402655849E001F9460 /* Comic.swift */; };
/* End PBXBuildFile section */

/* Begin PBXContainerItemProxy section */
		C8AE11BC26553FC5001F9460 /* PBXContainerItemProxy */ = {
			isa = PBXContainerItemProxy;
			containerPortal = C8AE119D26553FC4001F9460 /* Project object */;
			proxyType = 1;
			remoteGlobalIDString = C8AE11A426553FC4001F9460;
			remoteInfo = Marvel1.0;
		};
		C8AE11C726553FC5001F9460 /* PBXContainerItemProxy */ = {
			isa = PBXContainerItemProxy;
			containerPortal = C8AE119D26553FC4001F9460 /* Project object */;
			proxyType = 1;
			remoteGlobalIDString = C8AE11A426553FC4001F9460;
			remoteInfo = Marvel1.0;
		};
/* End PBXContainerItemProxy section */

/* Begin PBXFileReference section */
		C8AE11A526553FC4001F9460 /* Marvel1.0.app */ = {isa = PBXFileReference; explicitFileType = wrapper.application; includeInIndex = 0; path = Marvel1.0.app; sourceTree = BUILT_PRODUCTS_DIR; };
		C8AE11A826553FC4001F9460 /* AppDelegate.swift */ = {isa = PBXFileReference; lastKnownFileType = sourcecode.swift; path = AppDelegate.swift; sourceTree = "<group>"; };
		C8AE11AA26553FC4001F9460 /* SceneDelegate.swift */ = {isa = PBXFileReference; lastKnownFileType = sourcecode.swift; path = SceneDelegate.swift; sourceTree = "<group>"; };
		C8AE11AE26553FC5001F9460 /* Assets.xcassets */ = {isa = PBXFileReference; lastKnownFileType = folder.assetcatalog; path = Assets.xcassets; sourceTree = "<group>"; };
		C8AE11B126553FC5001F9460 /* Preview Assets.xcassets */ = {isa = PBXFileReference; lastKnownFileType = folder.assetcatalog; path = "Preview Assets.xcassets"; sourceTree = "<group>"; };
		C8AE11B426553FC5001F9460 /* Base */ = {isa = PBXFileReference; lastKnownFileType = file.storyboard; name = Base; path = Base.lproj/LaunchScreen.storyboard; sourceTree = "<group>"; };
		C8AE11B626553FC5001F9460 /* Info.plist */ = {isa = PBXFileReference; lastKnownFileType = text.plist.xml; path = Info.plist; sourceTree = "<group>"; };
		C8AE11BB26553FC5001F9460 /* Marvel1.0Tests.xctest */ = {isa = PBXFileReference; explicitFileType = wrapper.cfbundle; includeInIndex = 0; path = Marvel1.0Tests.xctest; sourceTree = BUILT_PRODUCTS_DIR; };
		C8AE11BF26553FC5001F9460 /* Marvel1_0Tests.swift */ = {isa = PBXFileReference; lastKnownFileType = sourcecode.swift; path = Marvel1_0Tests.swift; sourceTree = "<group>"; };
		C8AE11C126553FC5001F9460 /* Info.plist */ = {isa = PBXFileReference; lastKnownFileType = text.plist.xml; path = Info.plist; sourceTree = "<group>"; };
		C8AE11C626553FC5001F9460 /* Marvel1.0UITests.xctest */ = {isa = PBXFileReference; explicitFileType = wrapper.cfbundle; includeInIndex = 0; path = Marvel1.0UITests.xctest; sourceTree = BUILT_PRODUCTS_DIR; };
		C8AE11CA26553FC5001F9460 /* Marvel1_0UITests.swift */ = {isa = PBXFileReference; lastKnownFileType = sourcecode.swift; path = Marvel1_0UITests.swift; sourceTree = "<group>"; };
		C8AE11CC26553FC5001F9460 /* Info.plist */ = {isa = PBXFileReference; lastKnownFileType = text.plist.xml; path = Info.plist; sourceTree = "<group>"; };
		C8AE11E626554122001F9460 /* Credentials.swift */ = {isa = PBXFileReference; lastKnownFileType = sourcecode.swift; path = Credentials.swift; sourceTree = "<group>"; };
		C8AE11EB26554196001F9460 /* HomeViewModel.swift */ = {isa = PBXFileReference; lastKnownFileType = sourcecode.swift; path = HomeViewModel.swift; sourceTree = "<group>"; };
		C8AE11F8265542F8001F9460 /* Home.swift */ = {isa = PBXFileReference; lastKnownFileType = sourcecode.swift; path = Home.swift; sourceTree = "<group>"; };
		C8AE12002655440A001F9460 /* CharactersView.swift */ = {isa = PBXFileReference; lastKnownFileType = sourcecode.swift; path = CharactersView.swift; sourceTree = "<group>"; };
		C8AE1205265544D6001F9460 /* ContentView.swift */ = {isa = PBXFileReference; lastKnownFileType = sourcecode.swift; name = ContentView.swift; path = ../ContentView.swift; sourceTree = "<group>"; };
		C8AE121526554BFB001F9460 /* Character.swift */ = {isa = PBXFileReference; lastKnownFileType = sourcecode.swift; path = Character.swift; sourceTree = "<group>"; };
		C8AE122E26556782001F9460 /* WebView.swift */ = {isa = PBXFileReference; lastKnownFileType = sourcecode.swift; path = WebView.swift; sourceTree = "<group>"; };
		C8AE123326558447001F9460 /* ComicsView.swift */ = {isa = PBXFileReference; lastKnownFileType = sourcecode.swift; path = ComicsView.swift; sourceTree = "<group>"; };
		C8AE12402655849E001F9460 /* Comic.swift */ = {isa = PBXFileReference; lastKnownFileType = sourcecode.swift; path = Comic.swift; sourceTree = "<group>"; };
/* End PBXFileReference section */

/* Begin PBXFrameworksBuildPhase section */
		C8AE11A226553FC4001F9460 /* Frameworks */ = {
			isa = PBXFrameworksBuildPhase;
			buildActionMask = 2147483647;
			files = (
				C8AE122A26556062001F9460 /* SDWebImageSwiftUI in Frameworks */,
				C8AE121E26554F00001F9460 /* SDWebImageMapKit in Frameworks */,
				C8AE121C26554F00001F9460 /* SDWebImage in Frameworks */,
			);
			runOnlyForDeploymentPostprocessing = 0;
		};
		C8AE11B826553FC5001F9460 /* Frameworks */ = {
			isa = PBXFrameworksBuildPhase;
			buildActionMask = 2147483647;
			files = (
			);
			runOnlyForDeploymentPostprocessing = 0;
		};
		C8AE11C326553FC5001F9460 /* Frameworks */ = {
			isa = PBXFrameworksBuildPhase;
			buildActionMask = 2147483647;
			files = (
			);
			runOnlyForDeploymentPostprocessing = 0;
		};
/* End PBXFrameworksBuildPhase section */

/* Begin PBXGroup section */
		C8AE119C26553FC4001F9460 = {
			isa = PBXGroup;
			children = (
				C8AE11A726553FC4001F9460 /* Marvel1.0 */,
				C8AE11BE26553FC5001F9460 /* Marvel1.0Tests */,
				C8AE11C926553FC5001F9460 /* Marvel1.0UITests */,
				C8AE11A626553FC4001F9460 /* Products */,
			);
			sourceTree = "<group>";
		};
		C8AE11A626553FC4001F9460 /* Products */ = {
			isa = PBXGroup;
			children = (
				C8AE11A526553FC4001F9460 /* Marvel1.0.app */,
				C8AE11BB26553FC5001F9460 /* Marvel1.0Tests.xctest */,
				C8AE11C626553FC5001F9460 /* Marvel1.0UITests.xctest */,
			);
			name = Products;
			sourceTree = "<group>";
		};
		C8AE11A726553FC4001F9460 /* Marvel1.0 */ = {
			isa = PBXGroup;
			children = (
				C8AE11DD2655406C001F9460 /* ViewModel */,
				C8AE11DC26554067001F9460 /* Model */,
				C8AE11DB26554061001F9460 /* View */,
				C8AE11A826553FC4001F9460 /* AppDelegate.swift */,
				C8AE1205265544D6001F9460 /* ContentView.swift */,
				C8AE11AA26553FC4001F9460 /* SceneDelegate.swift */,
				C8AE11AE26553FC5001F9460 /* Assets.xcassets */,
				C8AE11B326553FC5001F9460 /* LaunchScreen.storyboard */,
				C8AE11B626553FC5001F9460 /* Info.plist */,
				C8AE11B026553FC5001F9460 /* Preview Content */,
				C8AE11E626554122001F9460 /* Credentials.swift */,
			);
			path = Marvel1.0;
			sourceTree = "<group>";
		};
		C8AE11B026553FC5001F9460 /* Preview Content */ = {
			isa = PBXGroup;
			children = (
				C8AE11B126553FC5001F9460 /* Preview Assets.xcassets */,
			);
			path = "Preview Content";
			sourceTree = "<group>";
		};
		C8AE11BE26553FC5001F9460 /* Marvel1.0Tests */ = {
			isa = PBXGroup;
			children = (
				C8AE11BF26553FC5001F9460 /* Marvel1_0Tests.swift */,
				C8AE11C126553FC5001F9460 /* Info.plist */,
			);
			path = Marvel1.0Tests;
			sourceTree = "<group>";
		};
		C8AE11C926553FC5001F9460 /* Marvel1.0UITests */ = {
			isa = PBXGroup;
			children = (
				C8AE11CA26553FC5001F9460 /* Marvel1_0UITests.swift */,
				C8AE11CC26553FC5001F9460 /* Info.plist */,
			);
			path = Marvel1.0UITests;
			sourceTree = "<group>";
		};
		C8AE11DB26554061001F9460 /* View */ = {
			isa = PBXGroup;
			children = (
				C8AE11F8265542F8001F9460 /* Home.swift */,
				C8AE12002655440A001F9460 /* CharactersView.swift */,
				C8AE122E26556782001F9460 /* WebView.swift */,
				C8AE123326558447001F9460 /* ComicsView.swift */,
			);
			name = View;
			sourceTree = "<group>";
		};
		C8AE11DC26554067001F9460 /* Model */ = {
			isa = PBXGroup;
			children = (
				C8AE121526554BFB001F9460 /* Character.swift */,
				C8AE12402655849E001F9460 /* Comic.swift */,
			);
			path = Model;
			sourceTree = "<group>";
		};
		C8AE11DD2655406C001F9460 /* ViewModel */ = {
			isa = PBXGroup;
			children = (
				C8AE11EB26554196001F9460 /* HomeViewModel.swift */,
			);
			path = ViewModel;
			sourceTree = "<group>";
		};
/* End PBXGroup section */

/* Begin PBXNativeTarget section */
		C8AE11A426553FC4001F9460 /* Marvel1.0 */ = {
			isa = PBXNativeTarget;
			buildConfigurationList = C8AE11CF26553FC5001F9460 /* Build configuration list for PBXNativeTarget "Marvel1.0" */;
			buildPhases = (
				C8AE11A126553FC4001F9460 /* Sources */,
				C8AE11A226553FC4001F9460 /* Frameworks */,
				C8AE11A326553FC4001F9460 /* Resources */,
			);
			buildRules = (
			);
			dependencies = (
			);
			name = Marvel1.0;
			packageProductDependencies = (
				C8AE121B26554F00001F9460 /* SDWebImage */,
				C8AE121D26554F00001F9460 /* SDWebImageMapKit */,
				C8AE122926556062001F9460 /* SDWebImageSwiftUI */,
			);
			productName = Marvel1.0;
			productReference = C8AE11A526553FC4001F9460 /* Marvel1.0.app */;
			productType = "com.apple.product-type.application";
		};
		C8AE11BA26553FC5001F9460 /* Marvel1.0Tests */ = {
			isa = PBXNativeTarget;
			buildConfigurationList = C8AE11D226553FC5001F9460 /* Build configuration list for PBXNativeTarget "Marvel1.0Tests" */;
			buildPhases = (
				C8AE11B726553FC5001F9460 /* Sources */,
				C8AE11B826553FC5001F9460 /* Frameworks */,
				C8AE11B926553FC5001F9460 /* Resources */,
			);
			buildRules = (
			);
			dependencies = (
				C8AE11BD26553FC5001F9460 /* PBXTargetDependency */,
			);
			name = Marvel1.0Tests;
			productName = Marvel1.0Tests;
			productReference = C8AE11BB26553FC5001F9460 /* Marvel1.0Tests.xctest */;
			productType = "com.apple.product-type.bundle.unit-test";
		};
		C8AE11C526553FC5001F9460 /* Marvel1.0UITests */ = {
			isa = PBXNativeTarget;
			buildConfigurationList = C8AE11D526553FC5001F9460 /* Build configuration list for PBXNativeTarget "Marvel1.0UITests" */;
			buildPhases = (
				C8AE11C226553FC5001F9460 /* Sources */,
				C8AE11C326553FC5001F9460 /* Frameworks */,
				C8AE11C426553FC5001F9460 /* Resources */,
			);
			buildRules = (
			);
			dependencies = (
				C8AE11C826553FC5001F9460 /* PBXTargetDependency */,
			);
			name = Marvel1.0UITests;
			productName = Marvel1.0UITests;
			productReference = C8AE11C626553FC5001F9460 /* Marvel1.0UITests.xctest */;
			productType = "com.apple.product-type.bundle.ui-testing";
		};
/* End PBXNativeTarget section */

/* Begin PBXProject section */
		C8AE119D26553FC4001F9460 /* Project object */ = {
			isa = PBXProject;
			attributes = {
				LastSwiftUpdateCheck = 1240;
				LastUpgradeCheck = 1240;
				TargetAttributes = {
					C8AE11A426553FC4001F9460 = {
						CreatedOnToolsVersion = 12.4;
					};
					C8AE11BA26553FC5001F9460 = {
						CreatedOnToolsVersion = 12.4;
						TestTargetID = C8AE11A426553FC4001F9460;
					};
					C8AE11C526553FC5001F9460 = {
						CreatedOnToolsVersion = 12.4;
						TestTargetID = C8AE11A426553FC4001F9460;
					};
				};
			};
			buildConfigurationList = C8AE11A026553FC4001F9460 /* Build configuration list for PBXProject "Marvel1.0" */;
			compatibilityVersion = "Xcode 9.3";
			developmentRegion = en;
			hasScannedForEncodings = 0;
			knownRegions = (
				en,
				Base,
			);
			mainGroup = C8AE119C26553FC4001F9460;
			packageReferences = (
				C8AE121A26554F00001F9460 /* XCRemoteSwiftPackageReference "SDWebImage" */,
				C8AE122826556062001F9460 /* XCRemoteSwiftPackageReference "SDWebImageSwiftUI" */,
			);
			productRefGroup = C8AE11A626553FC4001F9460 /* Products */;
			projectDirPath = "";
			projectRoot = "";
			targets = (
				C8AE11A426553FC4001F9460 /* Marvel1.0 */,
				C8AE11BA26553FC5001F9460 /* Marvel1.0Tests */,
				C8AE11C526553FC5001F9460 /* Marvel1.0UITests */,
			);
		};
/* End PBXProject section */

/* Begin PBXResourcesBuildPhase section */
		C8AE11A326553FC4001F9460 /* Resources */ = {
			isa = PBXResourcesBuildPhase;
			buildActionMask = 2147483647;
			files = (
				C8AE11B526553FC5001F9460 /* LaunchScreen.storyboard in Resources */,
				C8AE11B226553FC5001F9460 /* Preview Assets.xcassets in Resources */,
				C8AE11AF26553FC5001F9460 /* Assets.xcassets in Resources */,
			);
			runOnlyForDeploymentPostprocessing = 0;
		};
		C8AE11B926553FC5001F9460 /* Resources */ = {
			isa = PBXResourcesBuildPhase;
			buildActionMask = 2147483647;
			files = (
			);
			runOnlyForDeploymentPostprocessing = 0;
		};
		C8AE11C426553FC5001F9460 /* Resources */ = {
			isa = PBXResourcesBuildPhase;
			buildActionMask = 2147483647;
			files = (
			);
			runOnlyForDeploymentPostprocessing = 0;
		};
/* End PBXResourcesBuildPhase section */

/* Begin PBXSourcesBuildPhase section */
		C8AE11A126553FC4001F9460 /* Sources */ = {
			isa = PBXSourcesBuildPhase;
			buildActionMask = 2147483647;
			files = (
				C8AE11A926553FC4001F9460 /* AppDelegate.swift in Sources */,
				C8AE11EC26554196001F9460 /* HomeViewModel.swift in Sources */,
				C8AE1206265544D6001F9460 /* ContentView.swift in Sources */,
				C8AE12012655440A001F9460 /* CharactersView.swift in Sources */,
				C8AE11AB26553FC4001F9460 /* SceneDelegate.swift in Sources */,
				C8AE11E726554122001F9460 /* Credentials.swift in Sources */,
				C8AE123426558447001F9460 /* ComicsView.swift in Sources */,
				C8AE12412655849E001F9460 /* Comic.swift in Sources */,
				C8AE122F26556782001F9460 /* WebView.swift in Sources */,
				C8AE11F9265542F8001F9460 /* Home.swift in Sources */,
				C8AE121626554BFB001F9460 /* Character.swift in Sources */,
			);
			runOnlyForDeploymentPostprocessing = 0;
		};
		C8AE11B726553FC5001F9460 /* Sources */ = {
			isa = PBXSourcesBuildPhase;
			buildActionMask = 2147483647;
			files = (
				C8AE11C026553FC5001F9460 /* Marvel1_0Tests.swift in Sources */,
			);
			runOnlyForDeploymentPostprocessing = 0;
		};
		C8AE11C226553FC5001F9460 /* Sources */ = {
			isa = PBXSourcesBuildPhase;
			buildActionMask = 2147483647;
			files = (
				C8AE11CB26553FC5001F9460 /* Marvel1_0UITests.swift in Sources */,
			);
			runOnlyForDeploymentPostprocessing = 0;
		};
/* End PBXSourcesBuildPhase section */

/* Begin PBXTargetDependency section */
		C8AE11BD26553FC5001F9460 /* PBXTargetDependency */ = {
			isa = PBXTargetDependency;
			target = C8AE11A426553FC4001F9460 /* Marvel1.0 */;
			targetProxy = C8AE11BC26553FC5001F9460 /* PBXContainerItemProxy */;
		};
		C8AE11C826553FC5001F9460 /* PBXTargetDependency */ = {
			isa = PBXTargetDependency;
			target = C8AE11A426553FC4001F9460 /* Marvel1.0 */;
			targetProxy = C8AE11C726553FC5001F9460 /* PBXContainerItemProxy */;
		};
/* End PBXTargetDependency section */

/* Begin PBXVariantGroup section */
		C8AE11B326553FC5001F9460 /* LaunchScreen.storyboard */ = {
			isa = PBXVariantGroup;
			children = (
				C8AE11B426553FC5001F9460 /* Base */,
			);
			name = LaunchScreen.storyboard;
			sourceTree = "<group>";
		};
/* End PBXVariantGroup section */

/* Begin XCBuildConfiguration section */
		C8AE11CD26553FC5001F9460 /* Debug */ = {
			isa = XCBuildConfiguration;
			buildSettings = {
				ALWAYS_SEARCH_USER_PATHS = NO;
				CLANG_ANALYZER_NONNULL = YES;
				CLANG_ANALYZER_NUMBER_OBJECT_CONVERSION = YES_AGGRESSIVE;
				CLANG_CXX_LANGUAGE_STANDARD = "gnu++14";
				CLANG_CXX_LIBRARY = "libc++";
				CLANG_ENABLE_MODULES = YES;
				CLANG_ENABLE_OBJC_ARC = YES;
				CLANG_ENABLE_OBJC_WEAK = YES;
				CLANG_WARN_BLOCK_CAPTURE_AUTORELEASING = YES;
				CLANG_WARN_BOOL_CONVERSION = YES;
				CLANG_WARN_COMMA = YES;
				CLANG_WARN_CONSTANT_CONVERSION = YES;
				CLANG_WARN_DEPRECATED_OBJC_IMPLEMENTATIONS = YES;
				CLANG_WARN_DIRECT_OBJC_ISA_USAGE = YES_ERROR;
				CLANG_WARN_DOCUMENTATION_COMMENTS = YES;
				CLANG_WARN_EMPTY_BODY = YES;
				CLANG_WARN_ENUM_CONVERSION = YES;
				CLANG_WARN_INFINITE_RECURSION = YES;
				CLANG_WARN_INT_CONVERSION = YES;
				CLANG_WARN_NON_LITERAL_NULL_CONVERSION = YES;
				CLANG_WARN_OBJC_IMPLICIT_RETAIN_SELF = YES;
				CLANG_WARN_OBJC_LITERAL_CONVERSION = YES;
				CLANG_WARN_OBJC_ROOT_CLASS = YES_ERROR;
				CLANG_WARN_QUOTED_INCLUDE_IN_FRAMEWORK_HEADER = YES;
				CLANG_WARN_RANGE_LOOP_ANALYSIS = YES;
				CLANG_WARN_STRICT_PROTOTYPES = YES;
				CLANG_WARN_SUSPICIOUS_MOVE = YES;
				CLANG_WARN_UNGUARDED_AVAILABILITY = YES_AGGRESSIVE;
				CLANG_WARN_UNREACHABLE_CODE = YES;
				CLANG_WARN__DUPLICATE_METHOD_MATCH = YES;
				COPY_PHASE_STRIP = NO;
				DEBUG_INFORMATION_FORMAT = dwarf;
				ENABLE_STRICT_OBJC_MSGSEND = YES;
				ENABLE_TESTABILITY = YES;
				GCC_C_LANGUAGE_STANDARD = gnu11;
				GCC_DYNAMIC_NO_PIC = NO;
				GCC_NO_COMMON_BLOCKS = YES;
				GCC_OPTIMIZATION_LEVEL = 0;
				GCC_PREPROCESSOR_DEFINITIONS = (
					"DEBUG=1",
					"$(inherited)",
				);
				GCC_WARN_64_TO_32_BIT_CONVERSION = YES;
				GCC_WARN_ABOUT_RETURN_TYPE = YES_ERROR;
				GCC_WARN_UNDECLARED_SELECTOR = YES;
				GCC_WARN_UNINITIALIZED_AUTOS = YES_AGGRESSIVE;
				GCC_WARN_UNUSED_FUNCTION = YES;
				GCC_WARN_UNUSED_VARIABLE = YES;
				IPHONEOS_DEPLOYMENT_TARGET = 14.4;
				MTL_ENABLE_DEBUG_INFO = INCLUDE_SOURCE;
				MTL_FAST_MATH = YES;
				ONLY_ACTIVE_ARCH = YES;
				SDKROOT = iphoneos;
				SWIFT_ACTIVE_COMPILATION_CONDITIONS = DEBUG;
				SWIFT_OPTIMIZATION_LEVEL = "-Onone";
			};
			name = Debug;
		};
		C8AE11CE26553FC5001F9460 /* Release */ = {
			isa = XCBuildConfiguration;
			buildSettings = {
				ALWAYS_SEARCH_USER_PATHS = NO;
				CLANG_ANALYZER_NONNULL = YES;
				CLANG_ANALYZER_NUMBER_OBJECT_CONVERSION = YES_AGGRESSIVE;
				CLANG_CXX_LANGUAGE_STANDARD = "gnu++14";
				CLANG_CXX_LIBRARY = "libc++";
				CLANG_ENABLE_MODULES = YES;
				CLANG_ENABLE_OBJC_ARC = YES;
				CLANG_ENABLE_OBJC_WEAK = YES;
				CLANG_WARN_BLOCK_CAPTURE_AUTORELEASING = YES;
				CLANG_WARN_BOOL_CONVERSION = YES;
				CLANG_WARN_COMMA = YES;
				CLANG_WARN_CONSTANT_CONVERSION = YES;
				CLANG_WARN_DEPRECATED_OBJC_IMPLEMENTATIONS = YES;
				CLANG_WARN_DIRECT_OBJC_ISA_USAGE = YES_ERROR;
				CLANG_WARN_DOCUMENTATION_COMMENTS = YES;
				CLANG_WARN_EMPTY_BODY = YES;
				CLANG_WARN_ENUM_CONVERSION = YES;
				CLANG_WARN_INFINITE_RECURSION = YES;
				CLANG_WARN_INT_CONVERSION = YES;
				CLANG_WARN_NON_LITERAL_NULL_CONVERSION = YES;
				CLANG_WARN_OBJC_IMPLICIT_RETAIN_SELF = YES;
				CLANG_WARN_OBJC_LITERAL_CONVERSION = YES;
				CLANG_WARN_OBJC_ROOT_CLASS = YES_ERROR;
				CLANG_WARN_QUOTED_INCLUDE_IN_FRAMEWORK_HEADER = YES;
				CLANG_WARN_RANGE_LOOP_ANALYSIS = YES;
				CLANG_WARN_STRICT_PROTOTYPES = YES;
				CLANG_WARN_SUSPICIOUS_MOVE = YES;
				CLANG_WARN_UNGUARDED_AVAILABILITY = YES_AGGRESSIVE;
				CLANG_WARN_UNREACHABLE_CODE = YES;
				CLANG_WARN__DUPLICATE_METHOD_MATCH = YES;
				COPY_PHASE_STRIP = NO;
				DEBUG_INFORMATION_FORMAT = "dwarf-with-dsym";
				ENABLE_NS_ASSERTIONS = NO;
				ENABLE_STRICT_OBJC_MSGSEND = YES;
				GCC_C_LANGUAGE_STANDARD = gnu11;
				GCC_NO_COMMON_BLOCKS = YES;
				GCC_WARN_64_TO_32_BIT_CONVERSION = YES;
				GCC_WARN_ABOUT_RETURN_TYPE = YES_ERROR;
				GCC_WARN_UNDECLARED_SELECTOR = YES;
				GCC_WARN_UNINITIALIZED_AUTOS = YES_AGGRESSIVE;
				GCC_WARN_UNUSED_FUNCTION = YES;
				GCC_WARN_UNUSED_VARIABLE = YES;
				IPHONEOS_DEPLOYMENT_TARGET = 14.4;
				MTL_ENABLE_DEBUG_INFO = NO;
				MTL_FAST_MATH = YES;
				SDKROOT = iphoneos;
				SWIFT_COMPILATION_MODE = wholemodule;
				SWIFT_OPTIMIZATION_LEVEL = "-O";
				VALIDATE_PRODUCT = YES;
			};
			name = Release;
		};
		C8AE11D026553FC5001F9460 /* Debug */ = {
			isa = XCBuildConfiguration;
			buildSettings = {
				ASSETCATALOG_COMPILER_APPICON_NAME = AppIcon;
				ASSETCATALOG_COMPILER_GLOBAL_ACCENT_COLOR_NAME = AccentColor;
				CODE_SIGN_STYLE = Automatic;
				DEVELOPMENT_ASSET_PATHS = "\"Marvel1.0/Preview Content\"";
				ENABLE_PREVIEWS = YES;
				INFOPLIST_FILE = Marvel1.0/Info.plist;
				LD_RUNPATH_SEARCH_PATHS = (
					"$(inherited)",
					"@executable_path/Frameworks",
				);
				PRODUCT_BUNDLE_IDENTIFIER = "Ruy-Miguel.Marvel1-0";
				PRODUCT_NAME = "$(TARGET_NAME)";
				SWIFT_VERSION = 5.0;
				TARGETED_DEVICE_FAMILY = "1,2";
			};
			name = Debug;
		};
		C8AE11D126553FC5001F9460 /* Release */ = {
			isa = XCBuildConfiguration;
			buildSettings = {
				ASSETCATALOG_COMPILER_APPICON_NAME = AppIcon;
				ASSETCATALOG_COMPILER_GLOBAL_ACCENT_COLOR_NAME = AccentColor;
				CODE_SIGN_STYLE = Automatic;
				DEVELOPMENT_ASSET_PATHS = "\"Marvel1.0/Preview Content\"";
				ENABLE_PREVIEWS = YES;
				INFOPLIST_FILE = Marvel1.0/Info.plist;
				LD_RUNPATH_SEARCH_PATHS = (
					"$(inherited)",
					"@executable_path/Frameworks",
				);
				PRODUCT_BUNDLE_IDENTIFIER = "Ruy-Miguel.Marvel1-0";
				PRODUCT_NAME = "$(TARGET_NAME)";
				SWIFT_VERSION = 5.0;
				TARGETED_DEVICE_FAMILY = "1,2";
			};
			name = Release;
		};
		C8AE11D326553FC5001F9460 /* Debug */ = {
			isa = XCBuildConfiguration;
			buildSettings = {
				ALWAYS_EMBED_SWIFT_STANDARD_LIBRARIES = YES;
				BUNDLE_LOADER = "$(TEST_HOST)";
				CODE_SIGN_STYLE = Automatic;
				INFOPLIST_FILE = Marvel1.0Tests/Info.plist;
				IPHONEOS_DEPLOYMENT_TARGET = 14.4;
				LD_RUNPATH_SEARCH_PATHS = (
					"$(inherited)",
					"@executable_path/Frameworks",
					"@loader_path/Frameworks",
				);
				PRODUCT_BUNDLE_IDENTIFIER = "Ruy-Miguel.Marvel1-0Tests";
				PRODUCT_NAME = "$(TARGET_NAME)";
				SWIFT_VERSION = 5.0;
				TARGETED_DEVICE_FAMILY = "1,2";
				TEST_HOST = "$(BUILT_PRODUCTS_DIR)/Marvel1.0.app/Marvel1.0";
			};
			name = Debug;
		};
		C8AE11D426553FC5001F9460 /* Release */ = {
			isa = XCBuildConfiguration;
			buildSettings = {
				ALWAYS_EMBED_SWIFT_STANDARD_LIBRARIES = YES;
				BUNDLE_LOADER = "$(TEST_HOST)";
				CODE_SIGN_STYLE = Automatic;
				INFOPLIST_FILE = Marvel1.0Tests/Info.plist;
				IPHONEOS_DEPLOYMENT_TARGET = 14.4;
				LD_RUNPATH_SEARCH_PATHS = (
					"$(inherited)",
					"@executable_path/Frameworks",
					"@loader_path/Frameworks",
				);
				PRODUCT_BUNDLE_IDENTIFIER = "Ruy-Miguel.Marvel1-0Tests";
				PRODUCT_NAME = "$(TARGET_NAME)";
				SWIFT_VERSION = 5.0;
				TARGETED_DEVICE_FAMILY = "1,2";
				TEST_HOST = "$(BUILT_PRODUCTS_DIR)/Marvel1.0.app/Marvel1.0";
			};
			name = Release;
		};
		C8AE11D626553FC5001F9460 /* Debug */ = {
			isa = XCBuildConfiguration;
			buildSettings = {
				ALWAYS_EMBED_SWIFT_STANDARD_LIBRARIES = YES;
				CODE_SIGN_STYLE = Automatic;
				INFOPLIST_FILE = Marvel1.0UITests/Info.plist;
				LD_RUNPATH_SEARCH_PATHS = (
					"$(inherited)",
					"@executable_path/Frameworks",
					"@loader_path/Frameworks",
				);
				PRODUCT_BUNDLE_IDENTIFIER = "Ruy-Miguel.Marvel1-0UITests";
				PRODUCT_NAME = "$(TARGET_NAME)";
				SWIFT_VERSION = 5.0;
				TARGETED_DEVICE_FAMILY = "1,2";
				TEST_TARGET_NAME = Marvel1.0;
			};
			name = Debug;
		};
		C8AE11D726553FC5001F9460 /* Release */ = {
			isa = XCBuildConfiguration;
			buildSettings = {
				ALWAYS_EMBED_SWIFT_STANDARD_LIBRARIES = YES;
				CODE_SIGN_STYLE = Automatic;
				INFOPLIST_FILE = Marvel1.0UITests/Info.plist;
				LD_RUNPATH_SEARCH_PATHS = (
					"$(inherited)",
					"@executable_path/Frameworks",
					"@loader_path/Frameworks",
				);
				PRODUCT_BUNDLE_IDENTIFIER = "Ruy-Miguel.Marvel1-0UITests";
				PRODUCT_NAME = "$(TARGET_NAME)";
				SWIFT_VERSION = 5.0;
				TARGETED_DEVICE_FAMILY = "1,2";
				TEST_TARGET_NAME = Marvel1.0;
			};
			name = Release;
		};
/* End XCBuildConfiguration section */

/* Begin XCConfigurationList section */
		C8AE11A026553FC4001F9460 /* Build configuration list for PBXProject "Marvel1.0" */ = {
			isa = XCConfigurationList;
			buildConfigurations = (
				C8AE11CD26553FC5001F9460 /* Debug */,
				C8AE11CE26553FC5001F9460 /* Release */,
			);
			defaultConfigurationIsVisible = 0;
			defaultConfigurationName = Release;
		};
		C8AE11CF26553FC5001F9460 /* Build configuration list for PBXNativeTarget "Marvel1.0" */ = {
			isa = XCConfigurationList;
			buildConfigurations = (
				C8AE11D026553FC5001F9460 /* Debug */,
				C8AE11D126553FC5001F9460 /* Release */,
			);
			defaultConfigurationIsVisible = 0;
			defaultConfigurationName = Release;
		};
		C8AE11D226553FC5001F9460 /* Build configuration list for PBXNativeTarget "Marvel1.0Tests" */ = {
			isa = XCConfigurationList;
			buildConfigurations = (
				C8AE11D326553FC5001F9460 /* Debug */,
				C8AE11D426553FC5001F9460 /* Release */,
			);
			defaultConfigurationIsVisible = 0;
			defaultConfigurationName = Release;
		};
		C8AE11D526553FC5001F9460 /* Build configuration list for PBXNativeTarget "Marvel1.0UITests" */ = {
			isa = XCConfigurationList;
			buildConfigurations = (
				C8AE11D626553FC5001F9460 /* Debug */,
				C8AE11D726553FC5001F9460 /* Release */,
			);
			defaultConfigurationIsVisible = 0;
			defaultConfigurationName = Release;
		};
/* End XCConfigurationList section */

/* Begin XCRemoteSwiftPackageReference section */
		C8AE121A26554F00001F9460 /* XCRemoteSwiftPackageReference "SDWebImage" */ = {
			isa = XCRemoteSwiftPackageReference;
			repositoryURL = "https://github.com/SDWebImage/SDWebImage.git";
			requirement = {
				kind = upToNextMajorVersion;
				minimumVersion = 5.11.1;
			};
		};
		C8AE122826556062001F9460 /* XCRemoteSwiftPackageReference "SDWebImageSwiftUI" */ = {
			isa = XCRemoteSwiftPackageReference;
			repositoryURL = "https://github.com/SDWebImage/SDWebImageSwiftUI.git";
			requirement = {
				kind = upToNextMajorVersion;
				minimumVersion = 2.0.2;
			};
		};
/* End XCRemoteSwiftPackageReference section */

/* Begin XCSwiftPackageProductDependency section */
		C8AE121B26554F00001F9460 /* SDWebImage */ = {
			isa = XCSwiftPackageProductDependency;
			package = C8AE121A26554F00001F9460 /* XCRemoteSwiftPackageReference "SDWebImage" */;
			productName = SDWebImage;
		};
		C8AE121D26554F00001F9460 /* SDWebImageMapKit */ = {
			isa = XCSwiftPackageProductDependency;
			package = C8AE121A26554F00001F9460 /* XCRemoteSwiftPackageReference "SDWebImage" */;
			productName = SDWebImageMapKit;
		};
		C8AE122926556062001F9460 /* SDWebImageSwiftUI */ = {
			isa = XCSwiftPackageProductDependency;
			package = C8AE122826556062001F9460 /* XCRemoteSwiftPackageReference "SDWebImageSwiftUI" */;
			productName = SDWebImageSwiftUI;
		};
/* End XCSwiftPackageProductDependency section */
	};
	rootObject = C8AE119D26553FC4001F9460 /* Project object */;
}
